PODS:
  - PLAudioStreamingKit (1.0.1):
    - PLAudioStreamingKit/precompiled (= 1.0.1)
  - PLAudioStreamingKit/precompiled (1.0.1)

DEPENDENCIES:
  - PLAudioStreamingKit (from `../`)

EXTERNAL SOURCES:
  PLAudioStreamingKit:
    :path: ../

SPEC CHECKSUMS:
  PLAudioStreamingKit: 660f2c34c1c3924dd14326d11ac56189bab52c24

COCOAPODS: 0.35.0
