PODS:
  - PLAudioStreamingKit (1.1.5):
    - PLAudioStreamingKit/precompiled (= 1.1.5)
  - PLAudioStreamingKit/precompiled (1.1.5)

DEPENDENCIES:
  - PLAudioStreamingKit (from `../`)

EXTERNAL SOURCES:
  PLAudioStreamingKit:
    :path: "../"

SPEC CHECKSUMS:
  PLAudioStreamingKit: 267eef33a3c2300627ee97534bc930a8c3794004

COCOAPODS: 0.37.2
