PODS:
  - PLAudioStreamingKit (1.0.0):
    - PLAudioStreamingKit/precompiled (= 1.0.0)
  - PLAudioStreamingKit/precompiled (1.0.0)

DEPENDENCIES:
  - PLAudioStreamingKit (from `../`)

EXTERNAL SOURCES:
  PLAudioStreamingKit:
    :path: ../

SPEC CHECKSUMS:
  PLAudioStreamingKit: 7d21b185db695711df1ba7e6802cfa9275f3e459

COCOAPODS: 0.35.0
